
Microsoft Visual Studio Solution File, Format Version 12.00
# Visual Studio Version 17
VisualStudioVersion = 17.2.32630.192
MinimumVisualStudioVersion = 10.0.40219.1
Project("{FAE04EC0-301F-11D3-BF4B-00C04F79EFBC}") = "WebApplication1", "WebApplication1\WebApplication1.csproj", "{2CFA035F-2185-4A22-AC00-FB33D3F5E33E}"
EndProject
Global
	GlobalSection(SolutionConfigurationPlatforms) = preSolution
		Debug|Any CPU = Debug|Any CPU
		Release|Any CPU = Release|Any CPU
	EndGlobalSection
	GlobalSection(ProjectConfigurationPlatforms) = postSolution
		{2CFA035F-2185-4A22-AC00-FB33D3F5E33E}.Debug|Any CPU.ActiveCfg = Debug|Any CPU
		{2CFA035F-2185-4A22-AC00-FB33D3F5E33E}.Debug|Any CPU.Build.0 = Debug|Any CPU
		{2CFA035F-2185-4A22-AC00-FB33D3F5E33E}.Release|Any CPU.ActiveCfg = Release|Any CPU
		{2CFA035F-2185-4A22-AC00-FB33D3F5E33E}.Release|Any CPU.Build.0 = Release|Any CPU
	EndGlobalSection
	GlobalSection(SolutionProperties) = preSolution
		HideSolutionNode = FALSE
	EndGlobalSection
	GlobalSection(ExtensibilityGlobals) = postSolution
		SolutionGuid = {B17FAEF8-8067-4BF4-BA74-148FFC6CD794}
	EndGlobalSection
EndGlobal
